
Microsoft Visual Studio Solution File, Format Version 12.00
# Visual Studio Version 17
VisualStudioVersion = 17.5.33516.290
MinimumVisualStudioVersion = 10.0.40219.1
Project("{9A19103F-16F7-4668-BE54-9A1E7A4F7556}") = "PlaningPoker.Api.Test", "PlaningPoker.Api.Test\PlaningPoker.Api.Test.csproj", "{8E10F925-4E00-48CA-8CAC-D1798EC3B104}"
EndProject
Project("{2150E333-8FDC-42A3-9474-1A3956D46DE8}") = "src", "src", "{CEB77E17-12A2-485B-9405-BA822A6C0DAE}"
EndProject
Project("{2150E333-8FDC-42A3-9474-1A3956D46DE8}") = "test", "test", "{B9CC6DA7-800E-42DD-9951-12E005433CB8}"
EndProject
Project("{9A19103F-16F7-4668-BE54-9A1E7A4F7556}") = "PlaningPoker.Api", "PlaningPoker.Api\PlaningPoker.Api.csproj", "{7ADC12E3-4047-4054-B1FC-939C0CD7D1B5}"
EndProject
Project("{54A90642-561A-4BB1-A94E-469ADEE60C69}") = "PlaningPoker.App", "PlaningPoker.App\PlaningPoker.App.esproj", "{B53FC063-CB00-4206-A887-E4EAF422075D}"
EndProject
Global
	GlobalSection(SolutionConfigurationPlatforms) = preSolution
		Debug|Any CPU = Debug|Any CPU
		Release|Any CPU = Release|Any CPU
	EndGlobalSection
	GlobalSection(ProjectConfigurationPlatforms) = postSolution
		{8E10F925-4E00-48CA-8CAC-D1798EC3B104}.Debug|Any CPU.ActiveCfg = Debug|Any CPU
		{8E10F925-4E00-48CA-8CAC-D1798EC3B104}.Debug|Any CPU.Build.0 = Debug|Any CPU
		{8E10F925-4E00-48CA-8CAC-D1798EC3B104}.Release|Any CPU.ActiveCfg = Release|Any CPU
		{8E10F925-4E00-48CA-8CAC-D1798EC3B104}.Release|Any CPU.Build.0 = Release|Any CPU
		{7ADC12E3-4047-4054-B1FC-939C0CD7D1B5}.Debug|Any CPU.ActiveCfg = Debug|Any CPU
		{7ADC12E3-4047-4054-B1FC-939C0CD7D1B5}.Debug|Any CPU.Build.0 = Debug|Any CPU
		{7ADC12E3-4047-4054-B1FC-939C0CD7D1B5}.Release|Any CPU.ActiveCfg = Release|Any CPU
		{7ADC12E3-4047-4054-B1FC-939C0CD7D1B5}.Release|Any CPU.Build.0 = Release|Any CPU
		{B53FC063-CB00-4206-A887-E4EAF422075D}.Debug|Any CPU.ActiveCfg = Debug|Any CPU
		{B53FC063-CB00-4206-A887-E4EAF422075D}.Debug|Any CPU.Build.0 = Debug|Any CPU
		{B53FC063-CB00-4206-A887-E4EAF422075D}.Debug|Any CPU.Deploy.0 = Debug|Any CPU
		{B53FC063-CB00-4206-A887-E4EAF422075D}.Release|Any CPU.ActiveCfg = Release|Any CPU
		{B53FC063-CB00-4206-A887-E4EAF422075D}.Release|Any CPU.Build.0 = Release|Any CPU
		{B53FC063-CB00-4206-A887-E4EAF422075D}.Release|Any CPU.Deploy.0 = Release|Any CPU
	EndGlobalSection
	GlobalSection(SolutionProperties) = preSolution
		HideSolutionNode = FALSE
	EndGlobalSection
	GlobalSection(NestedProjects) = preSolution
		{8E10F925-4E00-48CA-8CAC-D1798EC3B104} = {B9CC6DA7-800E-42DD-9951-12E005433CB8}
		{7ADC12E3-4047-4054-B1FC-939C0CD7D1B5} = {CEB77E17-12A2-485B-9405-BA822A6C0DAE}
	EndGlobalSection
	GlobalSection(ExtensibilityGlobals) = postSolution
		SolutionGuid = {2FDD954B-D25C-4C03-A6D3-9C3E1CA94661}
	EndGlobalSection
EndGlobal
